
Microsoft Visual Studio Solution File, Format Version 12.00
# Visual Studio Version 17
VisualStudioVersion = 17.4.33213.308
MinimumVisualStudioVersion = 10.0.40219.1
Project("{9A19103F-16F7-4668-BE54-9A1E7A4F7556}") = "ToDoList", "ToDoList\ToDoList.csproj", "{4B42727C-A186-461C-BCEB-5F3112EBE598}"
EndProject
Global
	GlobalSection(SolutionConfigurationPlatforms) = preSolution
		Debug|Any CPU = Debug|Any CPU
		Release|Any CPU = Release|Any CPU
	EndGlobalSection
	GlobalSection(ProjectConfigurationPlatforms) = postSolution
		{4B42727C-A186-461C-BCEB-5F3112EBE598}.Debug|Any CPU.ActiveCfg = Debug|Any CPU
		{4B42727C-A186-461C-BCEB-5F3112EBE598}.Debug|Any CPU.Build.0 = Debug|Any CPU
		{4B42727C-A186-461C-BCEB-5F3112EBE598}.Release|Any CPU.ActiveCfg = Release|Any CPU
		{4B42727C-A186-461C-BCEB-5F3112EBE598}.Release|Any CPU.Build.0 = Release|Any CPU
	EndGlobalSection
	GlobalSection(SolutionProperties) = preSolution
		HideSolutionNode = FALSE
	EndGlobalSection
	GlobalSection(ExtensibilityGlobals) = postSolution
		SolutionGuid = {CE3FD686-1FA6-4DB9-9B98-7735E410755F}
	EndGlobalSection
EndGlobal
